// !$*UTF8*$!
{
	archiveVersion = 1;
	classes = {
	};
	objectVersion = 51;
	objects = {

/* Begin PBXBuildFile section */
		1400CB912613B998008AE8B0 /* tabBarViewController.swift in Sources */ = {isa = PBXBuildFile; fileRef = 1400CB902613B998008AE8B0 /* tabBarViewController.swift */; };
		1449764F2613C2F300034321 /* searchBarViewController.swift in Sources */ = {isa = PBXBuildFile; fileRef = 1449764E2613C2F300034321 /* searchBarViewController.swift */; };
		144976592613C5BE00034321 /* addCountryViewController.swift in Sources */ = {isa = PBXBuildFile; fileRef = 144976582613C5BE00034321 /* addCountryViewController.swift */; };
		1E9DCDFD261583600047F7AA /* locationTableViewController.swift in Sources */ = {isa = PBXBuildFile; fileRef = 1E9DCDFC261583560047F7AA /* locationTableViewController.swift */; };
		5CDA5607FCF3EDF6FE6C7A43 /* Pods_the_best_world_traveler.framework in Frameworks */ = {isa = PBXBuildFile; fileRef = 1E53FC854E7A5AF85C6C73D2 /* Pods_the_best_world_traveler.framework */; };
		8BD84D1D260D2DB4002EBBFE /* AppDelegate.swift in Sources */ = {isa = PBXBuildFile; fileRef = 8BD84D1C260D2DB4002EBBFE /* AppDelegate.swift */; };
		8BD84D1F260D2DB4002EBBFE /* SceneDelegate.swift in Sources */ = {isa = PBXBuildFile; fileRef = 8BD84D1E260D2DB4002EBBFE /* SceneDelegate.swift */; };
		8BD84D21260D2DB4002EBBFE /* ViewController.swift in Sources */ = {isa = PBXBuildFile; fileRef = 8BD84D20260D2DB4002EBBFE /* ViewController.swift */; };
		8BD84D24260D2DB5002EBBFE /* Main.storyboard in Resources */ = {isa = PBXBuildFile; fileRef = 8BD84D22260D2DB5002EBBFE /* Main.storyboard */; };
		8BD84D27260D2DB5002EBBFE /* the_best_world_traveler.xcdatamodeld in Sources */ = {isa = PBXBuildFile; fileRef = 8BD84D25260D2DB5002EBBFE /* the_best_world_traveler.xcdatamodeld */; };
		8BD84D29260D2DB6002EBBFE /* Assets.xcassets in Resources */ = {isa = PBXBuildFile; fileRef = 8BD84D28260D2DB6002EBBFE /* Assets.xcassets */; };
		8BD84D2C260D2DB6002EBBFE /* LaunchScreen.storyboard in Resources */ = {isa = PBXBuildFile; fileRef = 8BD84D2A260D2DB6002EBBFE /* LaunchScreen.storyboard */; };
		8BD84D4A260D30D2002EBBFE /* GoogleService-Info.plist in Resources */ = {isa = PBXBuildFile; fileRef = 8BD84D49260D30D2002EBBFE /* GoogleService-Info.plist */; };
		8BF98DEE260F76540067F5C3 /* LoginVC.swift in Sources */ = {isa = PBXBuildFile; fileRef = 8BF98DED260F76540067F5C3 /* LoginVC.swift */; };
		8BF98DF1260F8EF00067F5C3 /* SignupVC.swift in Sources */ = {isa = PBXBuildFile; fileRef = 8BF98DF0260F8EF00067F5C3 /* SignupVC.swift */; };
/* End PBXBuildFile section */

/* Begin PBXFileReference section */
		1400CB902613B998008AE8B0 /* tabBarViewController.swift */ = {isa = PBXFileReference; lastKnownFileType = sourcecode.swift; path = tabBarViewController.swift; sourceTree = "<group>"; };
		1449764E2613C2F300034321 /* searchBarViewController.swift */ = {isa = PBXFileReference; lastKnownFileType = sourcecode.swift; path = searchBarViewController.swift; sourceTree = "<group>"; };
		144976582613C5BE00034321 /* addCountryViewController.swift */ = {isa = PBXFileReference; lastKnownFileType = sourcecode.swift; path = addCountryViewController.swift; sourceTree = "<group>"; };
		1E53FC854E7A5AF85C6C73D2 /* Pods_the_best_world_traveler.framework */ = {isa = PBXFileReference; explicitFileType = wrapper.framework; includeInIndex = 0; path = Pods_the_best_world_traveler.framework; sourceTree = BUILT_PRODUCTS_DIR; };
		1E9DCDFC261583560047F7AA /* locationTableViewController.swift */ = {isa = PBXFileReference; lastKnownFileType = sourcecode.swift; path = locationTableViewController.swift; sourceTree = "<group>"; };
		268562C670F6AB6C14121E0D /* Pods-the-best-world-traveler.debug.xcconfig */ = {isa = PBXFileReference; includeInIndex = 1; lastKnownFileType = text.xcconfig; name = "Pods-the-best-world-traveler.debug.xcconfig"; path = "Target Support Files/Pods-the-best-world-traveler/Pods-the-best-world-traveler.debug.xcconfig"; sourceTree = "<group>"; };
		8BD84D1C260D2DB4002EBBFE /* AppDelegate.swift */ = {isa = PBXFileReference; lastKnownFileType = sourcecode.swift; path = AppDelegate.swift; sourceTree = "<group>"; };
		8BD84D1E260D2DB4002EBBFE /* SceneDelegate.swift */ = {isa = PBXFileReference; lastKnownFileType = sourcecode.swift; path = SceneDelegate.swift; sourceTree = "<group>"; };
		8BD84D20260D2DB4002EBBFE /* ViewController.swift */ = {isa = PBXFileReference; lastKnownFileType = sourcecode.swift; path = ViewController.swift; sourceTree = "<group>"; };
		8BD84D23260D2DB5002EBBFE /* Base */ = {isa = PBXFileReference; lastKnownFileType = file.storyboard; name = Base; path = Base.lproj/Main.storyboard; sourceTree = "<group>"; };
		8BD84D26260D2DB5002EBBFE /* the_best_world_traveler.xcdatamodel */ = {isa = PBXFileReference; lastKnownFileType = wrapper.xcdatamodel; path = the_best_world_traveler.xcdatamodel; sourceTree = "<group>"; };
		8BD84D28260D2DB6002EBBFE /* Assets.xcassets */ = {isa = PBXFileReference; lastKnownFileType = folder.assetcatalog; path = Assets.xcassets; sourceTree = "<group>"; };
		8BD84D2B260D2DB6002EBBFE /* Base */ = {isa = PBXFileReference; lastKnownFileType = file.storyboard; name = Base; path = Base.lproj/LaunchScreen.storyboard; sourceTree = "<group>"; };
		8BD84D2D260D2DB6002EBBFE /* Info.plist */ = {isa = PBXFileReference; lastKnownFileType = text.plist.xml; path = Info.plist; sourceTree = "<group>"; };
		8BD84D48260D30B6002EBBFE /* the-best-world-traveler.app */ = {isa = PBXFileReference; explicitFileType = wrapper.application; includeInIndex = 0; path = "the-best-world-traveler.app"; sourceTree = BUILT_PRODUCTS_DIR; };
		8BD84D49260D30D2002EBBFE /* GoogleService-Info.plist */ = {isa = PBXFileReference; fileEncoding = 4; lastKnownFileType = text.plist.xml; path = "GoogleService-Info.plist"; sourceTree = "<group>"; };
		8BF98DED260F76540067F5C3 /* LoginVC.swift */ = {isa = PBXFileReference; lastKnownFileType = sourcecode.swift; path = LoginVC.swift; sourceTree = "<group>"; };
		8BF98DF0260F8EF00067F5C3 /* SignupVC.swift */ = {isa = PBXFileReference; lastKnownFileType = sourcecode.swift; path = SignupVC.swift; sourceTree = "<group>"; };
		BB9F6DB7A3D4224A1DC66CB8 /* Pods-the-best-world-traveler.release.xcconfig */ = {isa = PBXFileReference; includeInIndex = 1; lastKnownFileType = text.xcconfig; name = "Pods-the-best-world-traveler.release.xcconfig"; path = "Target Support Files/Pods-the-best-world-traveler/Pods-the-best-world-traveler.release.xcconfig"; sourceTree = "<group>"; };
/* End PBXFileReference section */

/* Begin PBXFrameworksBuildPhase section */
		8BD84D16260D2DB4002EBBFE /* Frameworks */ = {
			isa = PBXFrameworksBuildPhase;
			buildActionMask = 2147483647;
			files = (
				5CDA5607FCF3EDF6FE6C7A43 /* Pods_the_best_world_traveler.framework in Frameworks */,
			);
			runOnlyForDeploymentPostprocessing = 0;
		};
/* End PBXFrameworksBuildPhase section */

/* Begin PBXGroup section */
		62E2A3062A7C1AEEF31273AD /* Pods */ = {
			isa = PBXGroup;
			children = (
				268562C670F6AB6C14121E0D /* Pods-the-best-world-traveler.debug.xcconfig */,
				BB9F6DB7A3D4224A1DC66CB8 /* Pods-the-best-world-traveler.release.xcconfig */,
			);
			path = Pods;
			sourceTree = "<group>";
		};
		8BD84D10260D2DB4002EBBFE = {
			isa = PBXGroup;
			children = (
				8BD84D1B260D2DB4002EBBFE /* the-best-world-traveler */,
				8BD84D48260D30B6002EBBFE /* the-best-world-traveler.app */,
				62E2A3062A7C1AEEF31273AD /* Pods */,
				CE424E595BE8AC4B5DBB57D5 /* Frameworks */,
			);
			sourceTree = "<group>";
		};
		8BD84D1B260D2DB4002EBBFE /* the-best-world-traveler */ = {
			isa = PBXGroup;
			children = (
				8BD84D1C260D2DB4002EBBFE /* AppDelegate.swift */,
				8BD84D1E260D2DB4002EBBFE /* SceneDelegate.swift */,
				8BD84D20260D2DB4002EBBFE /* ViewController.swift */,
				8BD84D22260D2DB5002EBBFE /* Main.storyboard */,
				8BF98DF0260F8EF00067F5C3 /* SignupVC.swift */,
				8BF98DED260F76540067F5C3 /* LoginVC.swift */,
				1E9DCDFC261583560047F7AA /* locationTableViewController.swift */,
				8BD84D28260D2DB6002EBBFE /* Assets.xcassets */,
				8BD84D2A260D2DB6002EBBFE /* LaunchScreen.storyboard */,
				8BD84D2D260D2DB6002EBBFE /* Info.plist */,
				8BD84D25260D2DB5002EBBFE /* the_best_world_traveler.xcdatamodeld */,
				8BD84D49260D30D2002EBBFE /* GoogleService-Info.plist */,
				1400CB902613B998008AE8B0 /* tabBarViewController.swift */,
				1449764E2613C2F300034321 /* searchBarViewController.swift */,
				144976582613C5BE00034321 /* addCountryViewController.swift */,
			);
			path = "the-best-world-traveler";
			sourceTree = "<group>";
		};
		CE424E595BE8AC4B5DBB57D5 /* Frameworks */ = {
			isa = PBXGroup;
			children = (
				1E53FC854E7A5AF85C6C73D2 /* Pods_the_best_world_traveler.framework */,
			);
			name = Frameworks;
			sourceTree = "<group>";
		};
/* End PBXGroup section */

/* Begin PBXNativeTarget section */
		8BD84D18260D2DB4002EBBFE /* the-best-world-traveler */ = {
			isa = PBXNativeTarget;
			buildConfigurationList = 8BD84D30260D2DB6002EBBFE /* Build configuration list for PBXNativeTarget "the-best-world-traveler" */;
			buildPhases = (
				D76ACBEF88F575AE05B12013 /* [CP] Check Pods Manifest.lock */,
				8BD84D15260D2DB4002EBBFE /* Sources */,
				8BD84D16260D2DB4002EBBFE /* Frameworks */,
				8BD84D17260D2DB4002EBBFE /* Resources */,
				E33B5C5598988BD6034AD8C4 /* [CP] Embed Pods Frameworks */,
			);
			buildRules = (
			);
			dependencies = (
			);
			name = "the-best-world-traveler";
			productName = "the-best-world-traveler";
			productReference = 8BD84D48260D30B6002EBBFE /* the-best-world-traveler.app */;
			productType = "com.apple.product-type.application";
		};
/* End PBXNativeTarget section */

/* Begin PBXProject section */
		8BD84D11260D2DB4002EBBFE /* Project object */ = {
			isa = PBXProject;
			attributes = {
				LastSwiftUpdateCheck = 1240;
				LastUpgradeCheck = 1240;
				TargetAttributes = {
					8BD84D18260D2DB4002EBBFE = {
						CreatedOnToolsVersion = 12.4;
					};
				};
			};
			buildConfigurationList = 8BD84D14260D2DB4002EBBFE /* Build configuration list for PBXProject "the-best-world-traveler" */;
			compatibilityVersion = "Xcode 9.3";
			developmentRegion = en;
			hasScannedForEncodings = 0;
			knownRegions = (
				en,
				Base,
			);
			mainGroup = 8BD84D10260D2DB4002EBBFE;
			productRefGroup = 8BD84D10260D2DB4002EBBFE;
			projectDirPath = "";
			projectRoot = "";
			targets = (
				8BD84D18260D2DB4002EBBFE /* the-best-world-traveler */,
			);
		};
/* End PBXProject section */

/* Begin PBXResourcesBuildPhase section */
		8BD84D17260D2DB4002EBBFE /* Resources */ = {
			isa = PBXResourcesBuildPhase;
			buildActionMask = 2147483647;
			files = (
				8BD84D2C260D2DB6002EBBFE /* LaunchScreen.storyboard in Resources */,
				8BD84D4A260D30D2002EBBFE /* GoogleService-Info.plist in Resources */,
				8BD84D29260D2DB6002EBBFE /* Assets.xcassets in Resources */,
				8BD84D24260D2DB5002EBBFE /* Main.storyboard in Resources */,
			);
			runOnlyForDeploymentPostprocessing = 0;
		};
/* End PBXResourcesBuildPhase section */

/* Begin PBXShellScriptBuildPhase section */
		D76ACBEF88F575AE05B12013 /* [CP] Check Pods Manifest.lock */ = {
			isa = PBXShellScriptBuildPhase;
			buildActionMask = 2147483647;
			files = (
			);
			inputFileListPaths = (
			);
			inputPaths = (
				"${PODS_PODFILE_DIR_PATH}/Podfile.lock",
				"${PODS_ROOT}/Manifest.lock",
			);
			name = "[CP] Check Pods Manifest.lock";
			outputFileListPaths = (
			);
			outputPaths = (
				"$(DERIVED_FILE_DIR)/Pods-the-best-world-traveler-checkManifestLockResult.txt",
			);
			runOnlyForDeploymentPostprocessing = 0;
			shellPath = /bin/sh;
			shellScript = "diff \"${PODS_PODFILE_DIR_PATH}/Podfile.lock\" \"${PODS_ROOT}/Manifest.lock\" > /dev/null\nif [ $? != 0 ] ; then\n    # print error to STDERR\n    echo \"error: The sandbox is not in sync with the Podfile.lock. Run 'pod install' or update your CocoaPods installation.\" >&2\n    exit 1\nfi\n# This output is used by Xcode 'outputs' to avoid re-running this script phase.\necho \"SUCCESS\" > \"${SCRIPT_OUTPUT_FILE_0}\"\n";
			showEnvVarsInLog = 0;
		};
		E33B5C5598988BD6034AD8C4 /* [CP] Embed Pods Frameworks */ = {
			isa = PBXShellScriptBuildPhase;
			buildActionMask = 2147483647;
			files = (
			);
			inputFileListPaths = (
				"${PODS_ROOT}/Target Support Files/Pods-the-best-world-traveler/Pods-the-best-world-traveler-frameworks-${CONFIGURATION}-input-files.xcfilelist",
			);
			name = "[CP] Embed Pods Frameworks";
			outputFileListPaths = (
				"${PODS_ROOT}/Target Support Files/Pods-the-best-world-traveler/Pods-the-best-world-traveler-frameworks-${CONFIGURATION}-output-files.xcfilelist",
			);
			runOnlyForDeploymentPostprocessing = 0;
			shellPath = /bin/sh;
			shellScript = "\"${PODS_ROOT}/Target Support Files/Pods-the-best-world-traveler/Pods-the-best-world-traveler-frameworks.sh\"\n";
			showEnvVarsInLog = 0;
		};
/* End PBXShellScriptBuildPhase section */

/* Begin PBXSourcesBuildPhase section */
		8BD84D15260D2DB4002EBBFE /* Sources */ = {
			isa = PBXSourcesBuildPhase;
			buildActionMask = 2147483647;
			files = (
				8BF98DF1260F8EF00067F5C3 /* SignupVC.swift in Sources */,
				8BD84D21260D2DB4002EBBFE /* ViewController.swift in Sources */,
				1449764F2613C2F300034321 /* searchBarViewController.swift in Sources */,
				144976592613C5BE00034321 /* addCountryViewController.swift in Sources */,
				1E9DCDFD261583600047F7AA /* locationTableViewController.swift in Sources */,
				8BD84D27260D2DB5002EBBFE /* the_best_world_traveler.xcdatamodeld in Sources */,
				1400CB912613B998008AE8B0 /* tabBarViewController.swift in Sources */,
				8BD84D1D260D2DB4002EBBFE /* AppDelegate.swift in Sources */,
				8BD84D1F260D2DB4002EBBFE /* SceneDelegate.swift in Sources */,
				8BF98DEE260F76540067F5C3 /* LoginVC.swift in Sources */,
			);
			runOnlyForDeploymentPostprocessing = 0;
		};
/* End PBXSourcesBuildPhase section */

/* Begin PBXVariantGroup section */
		8BD84D22260D2DB5002EBBFE /* Main.storyboard */ = {
			isa = PBXVariantGroup;
			children = (
				8BD84D23260D2DB5002EBBFE /* Base */,
			);
			name = Main.storyboard;
			sourceTree = "<group>";
		};
		8BD84D2A260D2DB6002EBBFE /* LaunchScreen.storyboard */ = {
			isa = PBXVariantGroup;
			children = (
				8BD84D2B260D2DB6002EBBFE /* Base */,
			);
			name = LaunchScreen.storyboard;
			sourceTree = "<group>";
		};
/* End PBXVariantGroup section */

/* Begin XCBuildConfiguration section */
		8BD84D2E260D2DB6002EBBFE /* Debug */ = {
			isa = XCBuildConfiguration;
			buildSettings = {
				ALWAYS_SEARCH_USER_PATHS = NO;
				CLANG_ANALYZER_NONNULL = YES;
				CLANG_ANALYZER_NUMBER_OBJECT_CONVERSION = YES_AGGRESSIVE;
				CLANG_CXX_LANGUAGE_STANDARD = "gnu++14";
				CLANG_CXX_LIBRARY = "libc++";
				CLANG_ENABLE_MODULES = YES;
				CLANG_ENABLE_OBJC_ARC = YES;
				CLANG_ENABLE_OBJC_WEAK = YES;
				CLANG_WARN_BLOCK_CAPTURE_AUTORELEASING = YES;
				CLANG_WARN_BOOL_CONVERSION = YES;
				CLANG_WARN_COMMA = YES;
				CLANG_WARN_CONSTANT_CONVERSION = YES;
				CLANG_WARN_DEPRECATED_OBJC_IMPLEMENTATIONS = YES;
				CLANG_WARN_DIRECT_OBJC_ISA_USAGE = YES_ERROR;
				CLANG_WARN_DOCUMENTATION_COMMENTS = YES;
				CLANG_WARN_EMPTY_BODY = YES;
				CLANG_WARN_ENUM_CONVERSION = YES;
				CLANG_WARN_INFINITE_RECURSION = YES;
				CLANG_WARN_INT_CONVERSION = YES;
				CLANG_WARN_NON_LITERAL_NULL_CONVERSION = YES;
				CLANG_WARN_OBJC_IMPLICIT_RETAIN_SELF = YES;
				CLANG_WARN_OBJC_LITERAL_CONVERSION = YES;
				CLANG_WARN_OBJC_ROOT_CLASS = YES_ERROR;
				CLANG_WARN_QUOTED_INCLUDE_IN_FRAMEWORK_HEADER = YES;
				CLANG_WARN_RANGE_LOOP_ANALYSIS = YES;
				CLANG_WARN_STRICT_PROTOTYPES = YES;
				CLANG_WARN_SUSPICIOUS_MOVE = YES;
				CLANG_WARN_UNGUARDED_AVAILABILITY = YES_AGGRESSIVE;
				CLANG_WARN_UNREACHABLE_CODE = YES;
				CLANG_WARN__DUPLICATE_METHOD_MATCH = YES;
				COPY_PHASE_STRIP = NO;
				DEBUG_INFORMATION_FORMAT = dwarf;
				ENABLE_STRICT_OBJC_MSGSEND = YES;
				ENABLE_TESTABILITY = YES;
				GCC_C_LANGUAGE_STANDARD = gnu11;
				GCC_DYNAMIC_NO_PIC = NO;
				GCC_NO_COMMON_BLOCKS = YES;
				GCC_OPTIMIZATION_LEVEL = 0;
				GCC_PREPROCESSOR_DEFINITIONS = (
					"DEBUG=1",
					"$(inherited)",
				);
				GCC_WARN_64_TO_32_BIT_CONVERSION = YES;
				GCC_WARN_ABOUT_RETURN_TYPE = YES_ERROR;
				GCC_WARN_UNDECLARED_SELECTOR = YES;
				GCC_WARN_UNINITIALIZED_AUTOS = YES_AGGRESSIVE;
				GCC_WARN_UNUSED_FUNCTION = YES;
				GCC_WARN_UNUSED_VARIABLE = YES;
				IPHONEOS_DEPLOYMENT_TARGET = 14.4;
				MTL_ENABLE_DEBUG_INFO = INCLUDE_SOURCE;
				MTL_FAST_MATH = YES;
				ONLY_ACTIVE_ARCH = YES;
				SDKROOT = iphoneos;
				SWIFT_ACTIVE_COMPILATION_CONDITIONS = DEBUG;
				SWIFT_OPTIMIZATION_LEVEL = "-Onone";
			};
			name = Debug;
		};
		8BD84D2F260D2DB6002EBBFE /* Release */ = {
			isa = XCBuildConfiguration;
			buildSettings = {
				ALWAYS_SEARCH_USER_PATHS = NO;
				CLANG_ANALYZER_NONNULL = YES;
				CLANG_ANALYZER_NUMBER_OBJECT_CONVERSION = YES_AGGRESSIVE;
				CLANG_CXX_LANGUAGE_STANDARD = "gnu++14";
				CLANG_CXX_LIBRARY = "libc++";
				CLANG_ENABLE_MODULES = YES;
				CLANG_ENABLE_OBJC_ARC = YES;
				CLANG_ENABLE_OBJC_WEAK = YES;
				CLANG_WARN_BLOCK_CAPTURE_AUTORELEASING = YES;
				CLANG_WARN_BOOL_CONVERSION = YES;
				CLANG_WARN_COMMA = YES;
				CLANG_WARN_CONSTANT_CONVERSION = YES;
				CLANG_WARN_DEPRECATED_OBJC_IMPLEMENTATIONS = YES;
				CLANG_WARN_DIRECT_OBJC_ISA_USAGE = YES_ERROR;
				CLANG_WARN_DOCUMENTATION_COMMENTS = YES;
				CLANG_WARN_EMPTY_BODY = YES;
				CLANG_WARN_ENUM_CONVERSION = YES;
				CLANG_WARN_INFINITE_RECURSION = YES;
				CLANG_WARN_INT_CONVERSION = YES;
				CLANG_WARN_NON_LITERAL_NULL_CONVERSION = YES;
				CLANG_WARN_OBJC_IMPLICIT_RETAIN_SELF = YES;
				CLANG_WARN_OBJC_LITERAL_CONVERSION = YES;
				CLANG_WARN_OBJC_ROOT_CLASS = YES_ERROR;
				CLANG_WARN_QUOTED_INCLUDE_IN_FRAMEWORK_HEADER = YES;
				CLANG_WARN_RANGE_LOOP_ANALYSIS = YES;
				CLANG_WARN_STRICT_PROTOTYPES = YES;
				CLANG_WARN_SUSPICIOUS_MOVE = YES;
				CLANG_WARN_UNGUARDED_AVAILABILITY = YES_AGGRESSIVE;
				CLANG_WARN_UNREACHABLE_CODE = YES;
				CLANG_WARN__DUPLICATE_METHOD_MATCH = YES;
				COPY_PHASE_STRIP = NO;
				DEBUG_INFORMATION_FORMAT = "dwarf-with-dsym";
				ENABLE_NS_ASSERTIONS = NO;
				ENABLE_STRICT_OBJC_MSGSEND = YES;
				GCC_C_LANGUAGE_STANDARD = gnu11;
				GCC_NO_COMMON_BLOCKS = YES;
				GCC_WARN_64_TO_32_BIT_CONVERSION = YES;
				GCC_WARN_ABOUT_RETURN_TYPE = YES_ERROR;
				GCC_WARN_UNDECLARED_SELECTOR = YES;
				GCC_WARN_UNINITIALIZED_AUTOS = YES_AGGRESSIVE;
				GCC_WARN_UNUSED_FUNCTION = YES;
				GCC_WARN_UNUSED_VARIABLE = YES;
				IPHONEOS_DEPLOYMENT_TARGET = 14.4;
				MTL_ENABLE_DEBUG_INFO = NO;
				MTL_FAST_MATH = YES;
				SDKROOT = iphoneos;
				SWIFT_COMPILATION_MODE = wholemodule;
				SWIFT_OPTIMIZATION_LEVEL = "-O";
				VALIDATE_PRODUCT = YES;
			};
			name = Release;
		};
		8BD84D31260D2DB6002EBBFE /* Debug */ = {
			isa = XCBuildConfiguration;
			baseConfigurationReference = 268562C670F6AB6C14121E0D /* Pods-the-best-world-traveler.debug.xcconfig */;
			buildSettings = {
				ASSETCATALOG_COMPILER_APPICON_NAME = AppIcon;
				ASSETCATALOG_COMPILER_GLOBAL_ACCENT_COLOR_NAME = AccentColor;
				CODE_SIGN_STYLE = Automatic;
				INFOPLIST_FILE = "the-best-world-traveler/Info.plist";
				LD_RUNPATH_SEARCH_PATHS = (
					"$(inherited)",
					"@executable_path/Frameworks",
				);
				PRODUCT_BUNDLE_IDENTIFIER = "edu.duke.cs207.the-best-world-traveler";
				PRODUCT_NAME = "$(TARGET_NAME)";
				SWIFT_VERSION = 5.0;
				TARGETED_DEVICE_FAMILY = "1,2";
			};
			name = Debug;
		};
		8BD84D32260D2DB6002EBBFE /* Release */ = {
			isa = XCBuildConfiguration;
			baseConfigurationReference = BB9F6DB7A3D4224A1DC66CB8 /* Pods-the-best-world-traveler.release.xcconfig */;
			buildSettings = {
				ASSETCATALOG_COMPILER_APPICON_NAME = AppIcon;
				ASSETCATALOG_COMPILER_GLOBAL_ACCENT_COLOR_NAME = AccentColor;
				CODE_SIGN_STYLE = Automatic;
				INFOPLIST_FILE = "the-best-world-traveler/Info.plist";
				LD_RUNPATH_SEARCH_PATHS = (
					"$(inherited)",
					"@executable_path/Frameworks",
				);
				PRODUCT_BUNDLE_IDENTIFIER = "edu.duke.cs207.the-best-world-traveler";
				PRODUCT_NAME = "$(TARGET_NAME)";
				SWIFT_VERSION = 5.0;
				TARGETED_DEVICE_FAMILY = "1,2";
			};
			name = Release;
		};
/* End XCBuildConfiguration section */

/* Begin XCConfigurationList section */
		8BD84D14260D2DB4002EBBFE /* Build configuration list for PBXProject "the-best-world-traveler" */ = {
			isa = XCConfigurationList;
			buildConfigurations = (
				8BD84D2E260D2DB6002EBBFE /* Debug */,
				8BD84D2F260D2DB6002EBBFE /* Release */,
			);
			defaultConfigurationIsVisible = 0;
			defaultConfigurationName = Release;
		};
		8BD84D30260D2DB6002EBBFE /* Build configuration list for PBXNativeTarget "the-best-world-traveler" */ = {
			isa = XCConfigurationList;
			buildConfigurations = (
				8BD84D31260D2DB6002EBBFE /* Debug */,
				8BD84D32260D2DB6002EBBFE /* Release */,
			);
			defaultConfigurationIsVisible = 0;
			defaultConfigurationName = Release;
		};
/* End XCConfigurationList section */

/* Begin XCVersionGroup section */
		8BD84D25260D2DB5002EBBFE /* the_best_world_traveler.xcdatamodeld */ = {
			isa = XCVersionGroup;
			children = (
				8BD84D26260D2DB5002EBBFE /* the_best_world_traveler.xcdatamodel */,
			);
			currentVersion = 8BD84D26260D2DB5002EBBFE /* the_best_world_traveler.xcdatamodel */;
			path = the_best_world_traveler.xcdatamodeld;
			sourceTree = "<group>";
			versionGroupType = wrapper.xcdatamodel;
		};
/* End XCVersionGroup section */
	};
	rootObject = 8BD84D11260D2DB4002EBBFE /* Project object */;
}
